
Microsoft Visual Studio Solution File, Format Version 12.00
# Visual Studio Version 17
VisualStudioVersion = 17.11.35222.181
MinimumVisualStudioVersion = 10.0.40219.1
Project("{FAE04EC0-301F-11D3-BF4B-00C04F79EFBC}") = "dzz1", "dzz1\dzz1.csproj", "{F03DE622-C45F-4741-8178-B3AE82946DD8}"
EndProject
Project("{FAE04EC0-301F-11D3-BF4B-00C04F79EFBC}") = "tumakov", "tumakov\tumakov.csproj", "{B305DB61-5A1D-4264-897C-2036C76D3A0D}"
EndProject
Global
	GlobalSection(SolutionConfigurationPlatforms) = preSolution
		Debug|Any CPU = Debug|Any CPU
		Release|Any CPU = Release|Any CPU
	EndGlobalSection
	GlobalSection(ProjectConfigurationPlatforms) = postSolution
		{F03DE622-C45F-4741-8178-B3AE82946DD8}.Debug|Any CPU.ActiveCfg = Debug|Any CPU
		{F03DE622-C45F-4741-8178-B3AE82946DD8}.Debug|Any CPU.Build.0 = Debug|Any CPU
		{F03DE622-C45F-4741-8178-B3AE82946DD8}.Release|Any CPU.ActiveCfg = Release|Any CPU
		{F03DE622-C45F-4741-8178-B3AE82946DD8}.Release|Any CPU.Build.0 = Release|Any CPU
		{B305DB61-5A1D-4264-897C-2036C76D3A0D}.Debug|Any CPU.ActiveCfg = Debug|Any CPU
		{B305DB61-5A1D-4264-897C-2036C76D3A0D}.Debug|Any CPU.Build.0 = Debug|Any CPU
		{B305DB61-5A1D-4264-897C-2036C76D3A0D}.Release|Any CPU.ActiveCfg = Release|Any CPU
		{B305DB61-5A1D-4264-897C-2036C76D3A0D}.Release|Any CPU.Build.0 = Release|Any CPU
	EndGlobalSection
	GlobalSection(SolutionProperties) = preSolution
		HideSolutionNode = FALSE
	EndGlobalSection
	GlobalSection(ExtensibilityGlobals) = postSolution
		SolutionGuid = {0BA227C7-7AA2-4C29-B6F5-893E8A6AA7F4}
	EndGlobalSection
EndGlobal
